
Microsoft Visual Studio Solution File, Format Version 12.00
# Visual Studio 15
VisualStudioVersion = 15.0.27004.2005
MinimumVisualStudioVersion = 10.0.40219.1
Project("{FAE04EC0-301F-11D3-BF4B-00C04F79EFBC}") = "Checkers_Personal_Project", "Checkers_Personal_Project\Checkers_Personal_Project.csproj", "{ED8FF6A1-0783-4CF9-BFFE-ADBB25A5EE25}"
EndProject
Project("{FAE04EC0-301F-11D3-BF4B-00C04F79EFBC}") = "BE", "BE\BE.csproj", "{924A5244-A505-4686-BEB2-30B1CCD24D28}"
EndProject
Project("{FAE04EC0-301F-11D3-BF4B-00C04F79EFBC}") = "ConsoleApp1", "ConsoleApp1\ConsoleApp1.csproj", "{EE7211A8-E94C-4232-A6AA-204719943D0A}"
EndProject
Project("{FAE04EC0-301F-11D3-BF4B-00C04F79EFBC}") = "BL", "BL\BL.csproj", "{01EAF390-6A82-4A5A-8339-1D6668966111}"
EndProject
Project("{FAE04EC0-301F-11D3-BF4B-00C04F79EFBC}") = "BE.UnitTests", "BE.UnitTests\BE.UnitTests.csproj", "{9411601C-0DAF-4DCD-8283-DC03A6DE89E8}"
EndProject
Project("{FAE04EC0-301F-11D3-BF4B-00C04F79EFBC}") = "BL.UnitTests", "BL.UnitTests\BL.UnitTests.csproj", "{29732382-BAA5-4810-8370-98399C2584CA}"
EndProject
Project("{FAE04EC0-301F-11D3-BF4B-00C04F79EFBC}") = "UI", "UI\UI.csproj", "{2845BE5A-7FDF-4879-9E1D-B77AF1669625}"
EndProject
Global
	GlobalSection(SolutionConfigurationPlatforms) = preSolution
		Debug|Any CPU = Debug|Any CPU
		Debug|ARM = Debug|ARM
		Debug|x64 = Debug|x64
		Debug|x86 = Debug|x86
		Release|Any CPU = Release|Any CPU
		Release|ARM = Release|ARM
		Release|x64 = Release|x64
		Release|x86 = Release|x86
	EndGlobalSection
	GlobalSection(ProjectConfigurationPlatforms) = postSolution
		{ED8FF6A1-0783-4CF9-BFFE-ADBB25A5EE25}.Debug|Any CPU.ActiveCfg = Debug|Any CPU
		{ED8FF6A1-0783-4CF9-BFFE-ADBB25A5EE25}.Debug|Any CPU.Build.0 = Debug|Any CPU
		{ED8FF6A1-0783-4CF9-BFFE-ADBB25A5EE25}.Debug|ARM.ActiveCfg = Debug|Any CPU
		{ED8FF6A1-0783-4CF9-BFFE-ADBB25A5EE25}.Debug|ARM.Build.0 = Debug|Any CPU
		{ED8FF6A1-0783-4CF9-BFFE-ADBB25A5EE25}.Debug|x64.ActiveCfg = Debug|Any CPU
		{ED8FF6A1-0783-4CF9-BFFE-ADBB25A5EE25}.Debug|x64.Build.0 = Debug|Any CPU
		{ED8FF6A1-0783-4CF9-BFFE-ADBB25A5EE25}.Debug|x86.ActiveCfg = Debug|Any CPU
		{ED8FF6A1-0783-4CF9-BFFE-ADBB25A5EE25}.Debug|x86.Build.0 = Debug|Any CPU
		{ED8FF6A1-0783-4CF9-BFFE-ADBB25A5EE25}.Release|Any CPU.ActiveCfg = Release|Any CPU
		{ED8FF6A1-0783-4CF9-BFFE-ADBB25A5EE25}.Release|Any CPU.Build.0 = Release|Any CPU
		{ED8FF6A1-0783-4CF9-BFFE-ADBB25A5EE25}.Release|ARM.ActiveCfg = Release|Any CPU
		{ED8FF6A1-0783-4CF9-BFFE-ADBB25A5EE25}.Release|ARM.Build.0 = Release|Any CPU
		{ED8FF6A1-0783-4CF9-BFFE-ADBB25A5EE25}.Release|x64.ActiveCfg = Release|Any CPU
		{ED8FF6A1-0783-4CF9-BFFE-ADBB25A5EE25}.Release|x64.Build.0 = Release|Any CPU
		{ED8FF6A1-0783-4CF9-BFFE-ADBB25A5EE25}.Release|x86.ActiveCfg = Release|Any CPU
		{ED8FF6A1-0783-4CF9-BFFE-ADBB25A5EE25}.Release|x86.Build.0 = Release|Any CPU
		{924A5244-A505-4686-BEB2-30B1CCD24D28}.Debug|Any CPU.ActiveCfg = Debug|Any CPU
		{924A5244-A505-4686-BEB2-30B1CCD24D28}.Debug|Any CPU.Build.0 = Debug|Any CPU
		{924A5244-A505-4686-BEB2-30B1CCD24D28}.Debug|ARM.ActiveCfg = Debug|Any CPU
		{924A5244-A505-4686-BEB2-30B1CCD24D28}.Debug|ARM.Build.0 = Debug|Any CPU
		{924A5244-A505-4686-BEB2-30B1CCD24D28}.Debug|x64.ActiveCfg = Debug|Any CPU
		{924A5244-A505-4686-BEB2-30B1CCD24D28}.Debug|x64.Build.0 = Debug|Any CPU
		{924A5244-A505-4686-BEB2-30B1CCD24D28}.Debug|x86.ActiveCfg = Debug|Any CPU
		{924A5244-A505-4686-BEB2-30B1CCD24D28}.Debug|x86.Build.0 = Debug|Any CPU
		{924A5244-A505-4686-BEB2-30B1CCD24D28}.Release|Any CPU.ActiveCfg = Release|Any CPU
		{924A5244-A505-4686-BEB2-30B1CCD24D28}.Release|Any CPU.Build.0 = Release|Any CPU
		{924A5244-A505-4686-BEB2-30B1CCD24D28}.Release|ARM.ActiveCfg = Release|Any CPU
		{924A5244-A505-4686-BEB2-30B1CCD24D28}.Release|ARM.Build.0 = Release|Any CPU
		{924A5244-A505-4686-BEB2-30B1CCD24D28}.Release|x64.ActiveCfg = Release|Any CPU
		{924A5244-A505-4686-BEB2-30B1CCD24D28}.Release|x64.Build.0 = Release|Any CPU
		{924A5244-A505-4686-BEB2-30B1CCD24D28}.Release|x86.ActiveCfg = Release|Any CPU
		{924A5244-A505-4686-BEB2-30B1CCD24D28}.Release|x86.Build.0 = Release|Any CPU
		{EE7211A8-E94C-4232-A6AA-204719943D0A}.Debug|Any CPU.ActiveCfg = Debug|Any CPU
		{EE7211A8-E94C-4232-A6AA-204719943D0A}.Debug|Any CPU.Build.0 = Debug|Any CPU
		{EE7211A8-E94C-4232-A6AA-204719943D0A}.Debug|ARM.ActiveCfg = Debug|Any CPU
		{EE7211A8-E94C-4232-A6AA-204719943D0A}.Debug|ARM.Build.0 = Debug|Any CPU
		{EE7211A8-E94C-4232-A6AA-204719943D0A}.Debug|x64.ActiveCfg = Debug|Any CPU
		{EE7211A8-E94C-4232-A6AA-204719943D0A}.Debug|x64.Build.0 = Debug|Any CPU
		{EE7211A8-E94C-4232-A6AA-204719943D0A}.Debug|x86.ActiveCfg = Debug|Any CPU
		{EE7211A8-E94C-4232-A6AA-204719943D0A}.Debug|x86.Build.0 = Debug|Any CPU
		{EE7211A8-E94C-4232-A6AA-204719943D0A}.Release|Any CPU.ActiveCfg = Release|Any CPU
		{EE7211A8-E94C-4232-A6AA-204719943D0A}.Release|Any CPU.Build.0 = Release|Any CPU
		{EE7211A8-E94C-4232-A6AA-204719943D0A}.Release|ARM.ActiveCfg = Release|Any CPU
		{EE7211A8-E94C-4232-A6AA-204719943D0A}.Release|ARM.Build.0 = Release|Any CPU
		{EE7211A8-E94C-4232-A6AA-204719943D0A}.Release|x64.ActiveCfg = Release|Any CPU
		{EE7211A8-E94C-4232-A6AA-204719943D0A}.Release|x64.Build.0 = Release|Any CPU
		{EE7211A8-E94C-4232-A6AA-204719943D0A}.Release|x86.ActiveCfg = Release|Any CPU
		{EE7211A8-E94C-4232-A6AA-204719943D0A}.Release|x86.Build.0 = Release|Any CPU
		{01EAF390-6A82-4A5A-8339-1D6668966111}.Debug|Any CPU.ActiveCfg = Debug|Any CPU
		{01EAF390-6A82-4A5A-8339-1D6668966111}.Debug|Any CPU.Build.0 = Debug|Any CPU
		{01EAF390-6A82-4A5A-8339-1D6668966111}.Debug|ARM.ActiveCfg = Debug|Any CPU
		{01EAF390-6A82-4A5A-8339-1D6668966111}.Debug|ARM.Build.0 = Debug|Any CPU
		{01EAF390-6A82-4A5A-8339-1D6668966111}.Debug|x64.ActiveCfg = Debug|Any CPU
		{01EAF390-6A82-4A5A-8339-1D6668966111}.Debug|x64.Build.0 = Debug|Any CPU
		{01EAF390-6A82-4A5A-8339-1D6668966111}.Debug|x86.ActiveCfg = Debug|Any CPU
		{01EAF390-6A82-4A5A-8339-1D6668966111}.Debug|x86.Build.0 = Debug|Any CPU
		{01EAF390-6A82-4A5A-8339-1D6668966111}.Release|Any CPU.ActiveCfg = Release|Any CPU
		{01EAF390-6A82-4A5A-8339-1D6668966111}.Release|Any CPU.Build.0 = Release|Any CPU
		{01EAF390-6A82-4A5A-8339-1D6668966111}.Release|ARM.ActiveCfg = Release|Any CPU
		{01EAF390-6A82-4A5A-8339-1D6668966111}.Release|ARM.Build.0 = Release|Any CPU
		{01EAF390-6A82-4A5A-8339-1D6668966111}.Release|x64.ActiveCfg = Release|Any CPU
		{01EAF390-6A82-4A5A-8339-1D6668966111}.Release|x64.Build.0 = Release|Any CPU
		{01EAF390-6A82-4A5A-8339-1D6668966111}.Release|x86.ActiveCfg = Release|Any CPU
		{01EAF390-6A82-4A5A-8339-1D6668966111}.Release|x86.Build.0 = Release|Any CPU
		{9411601C-0DAF-4DCD-8283-DC03A6DE89E8}.Debug|Any CPU.ActiveCfg = Debug|Any CPU
		{9411601C-0DAF-4DCD-8283-DC03A6DE89E8}.Debug|Any CPU.Build.0 = Debug|Any CPU
		{9411601C-0DAF-4DCD-8283-DC03A6DE89E8}.Debug|ARM.ActiveCfg = Debug|Any CPU
		{9411601C-0DAF-4DCD-8283-DC03A6DE89E8}.Debug|ARM.Build.0 = Debug|Any CPU
		{9411601C-0DAF-4DCD-8283-DC03A6DE89E8}.Debug|x64.ActiveCfg = Debug|Any CPU
		{9411601C-0DAF-4DCD-8283-DC03A6DE89E8}.Debug|x64.Build.0 = Debug|Any CPU
		{9411601C-0DAF-4DCD-8283-DC03A6DE89E8}.Debug|x86.ActiveCfg = Debug|Any CPU
		{9411601C-0DAF-4DCD-8283-DC03A6DE89E8}.Debug|x86.Build.0 = Debug|Any CPU
		{9411601C-0DAF-4DCD-8283-DC03A6DE89E8}.Release|Any CPU.ActiveCfg = Release|Any CPU
		{9411601C-0DAF-4DCD-8283-DC03A6DE89E8}.Release|Any CPU.Build.0 = Release|Any CPU
		{9411601C-0DAF-4DCD-8283-DC03A6DE89E8}.Release|ARM.ActiveCfg = Release|Any CPU
		{9411601C-0DAF-4DCD-8283-DC03A6DE89E8}.Release|ARM.Build.0 = Release|Any CPU
		{9411601C-0DAF-4DCD-8283-DC03A6DE89E8}.Release|x64.ActiveCfg = Release|Any CPU
		{9411601C-0DAF-4DCD-8283-DC03A6DE89E8}.Release|x64.Build.0 = Release|Any CPU
		{9411601C-0DAF-4DCD-8283-DC03A6DE89E8}.Release|x86.ActiveCfg = Release|Any CPU
		{9411601C-0DAF-4DCD-8283-DC03A6DE89E8}.Release|x86.Build.0 = Release|Any CPU
		{29732382-BAA5-4810-8370-98399C2584CA}.Debug|Any CPU.ActiveCfg = Debug|Any CPU
		{29732382-BAA5-4810-8370-98399C2584CA}.Debug|Any CPU.Build.0 = Debug|Any CPU
		{29732382-BAA5-4810-8370-98399C2584CA}.Debug|ARM.ActiveCfg = Debug|Any CPU
		{29732382-BAA5-4810-8370-98399C2584CA}.Debug|ARM.Build.0 = Debug|Any CPU
		{29732382-BAA5-4810-8370-98399C2584CA}.Debug|x64.ActiveCfg = Debug|Any CPU
		{29732382-BAA5-4810-8370-98399C2584CA}.Debug|x64.Build.0 = Debug|Any CPU
		{29732382-BAA5-4810-8370-98399C2584CA}.Debug|x86.ActiveCfg = Debug|Any CPU
		{29732382-BAA5-4810-8370-98399C2584CA}.Debug|x86.Build.0 = Debug|Any CPU
		{29732382-BAA5-4810-8370-98399C2584CA}.Release|Any CPU.ActiveCfg = Release|Any CPU
		{29732382-BAA5-4810-8370-98399C2584CA}.Release|Any CPU.Build.0 = Release|Any CPU
		{29732382-BAA5-4810-8370-98399C2584CA}.Release|ARM.ActiveCfg = Release|Any CPU
		{29732382-BAA5-4810-8370-98399C2584CA}.Release|ARM.Build.0 = Release|Any CPU
		{29732382-BAA5-4810-8370-98399C2584CA}.Release|x64.ActiveCfg = Release|Any CPU
		{29732382-BAA5-4810-8370-98399C2584CA}.Release|x64.Build.0 = Release|Any CPU
		{29732382-BAA5-4810-8370-98399C2584CA}.Release|x86.ActiveCfg = Release|Any CPU
		{29732382-BAA5-4810-8370-98399C2584CA}.Release|x86.Build.0 = Release|Any CPU
		{2845BE5A-7FDF-4879-9E1D-B77AF1669625}.Debug|Any CPU.ActiveCfg = Debug|Any CPU
		{2845BE5A-7FDF-4879-9E1D-B77AF1669625}.Debug|Any CPU.Build.0 = Debug|Any CPU
		{2845BE5A-7FDF-4879-9E1D-B77AF1669625}.Debug|ARM.ActiveCfg = Debug|Any CPU
		{2845BE5A-7FDF-4879-9E1D-B77AF1669625}.Debug|ARM.Build.0 = Debug|Any CPU
		{2845BE5A-7FDF-4879-9E1D-B77AF1669625}.Debug|x64.ActiveCfg = Debug|Any CPU
		{2845BE5A-7FDF-4879-9E1D-B77AF1669625}.Debug|x64.Build.0 = Debug|Any CPU
		{2845BE5A-7FDF-4879-9E1D-B77AF1669625}.Debug|x86.ActiveCfg = Debug|Any CPU
		{2845BE5A-7FDF-4879-9E1D-B77AF1669625}.Debug|x86.Build.0 = Debug|Any CPU
		{2845BE5A-7FDF-4879-9E1D-B77AF1669625}.Release|Any CPU.ActiveCfg = Release|Any CPU
		{2845BE5A-7FDF-4879-9E1D-B77AF1669625}.Release|Any CPU.Build.0 = Release|Any CPU
		{2845BE5A-7FDF-4879-9E1D-B77AF1669625}.Release|ARM.ActiveCfg = Release|Any CPU
		{2845BE5A-7FDF-4879-9E1D-B77AF1669625}.Release|ARM.Build.0 = Release|Any CPU
		{2845BE5A-7FDF-4879-9E1D-B77AF1669625}.Release|x64.ActiveCfg = Release|Any CPU
		{2845BE5A-7FDF-4879-9E1D-B77AF1669625}.Release|x64.Build.0 = Release|Any CPU
		{2845BE5A-7FDF-4879-9E1D-B77AF1669625}.Release|x86.ActiveCfg = Release|Any CPU
		{2845BE5A-7FDF-4879-9E1D-B77AF1669625}.Release|x86.Build.0 = Release|Any CPU
	EndGlobalSection
	GlobalSection(SolutionProperties) = preSolution
		HideSolutionNode = FALSE
	EndGlobalSection
	GlobalSection(ExtensibilityGlobals) = postSolution
		SolutionGuid = {9985202E-67B9-4D32-8CAE-22B5E05493DC}
	EndGlobalSection
EndGlobal
